
Microsoft Visual Studio Solution File, Format Version 12.00
# Visual Studio Version 17
VisualStudioVersion = 17.5.33627.172
MinimumVisualStudioVersion = 10.0.40219.1
Project("{FAE04EC0-301F-11D3-BF4B-00C04F79EFBC}") = "OdontoAPI", "OdontoAPI.csproj", "{91620FAE-E010-4D9C-95E0-82181E9A9CE9}"
EndProject
Global
	GlobalSection(SolutionConfigurationPlatforms) = preSolution
		Debug|Any CPU = Debug|Any CPU
		Release|Any CPU = Release|Any CPU
	EndGlobalSection
	GlobalSection(ProjectConfigurationPlatforms) = postSolution
		{91620FAE-E010-4D9C-95E0-82181E9A9CE9}.Debug|Any CPU.ActiveCfg = Debug|Any CPU
		{91620FAE-E010-4D9C-95E0-82181E9A9CE9}.Debug|Any CPU.Build.0 = Debug|Any CPU
		{91620FAE-E010-4D9C-95E0-82181E9A9CE9}.Release|Any CPU.ActiveCfg = Release|Any CPU
		{91620FAE-E010-4D9C-95E0-82181E9A9CE9}.Release|Any CPU.Build.0 = Release|Any CPU
	EndGlobalSection
	GlobalSection(SolutionProperties) = preSolution
		HideSolutionNode = FALSE
	EndGlobalSection
	GlobalSection(ExtensibilityGlobals) = postSolution
		SolutionGuid = {4FD52201-8939-4EE3-B1A7-477E1B9A12D6}
	EndGlobalSection
EndGlobal
